
Microsoft Visual Studio Solution File, Format Version 12.00
# Visual Studio Version 16
VisualStudioVersion = 16.0.34407.143
MinimumVisualStudioVersion = 10.0.40219.1
Project("{FAE04EC0-301F-11D3-BF4B-00C04F79EFBC}") = "HttpClient", "HttpClient\HttpClient.csproj", "{10597602-979B-4214-91FA-F0D84B53F289}"
EndProject
Global
	GlobalSection(SolutionConfigurationPlatforms) = preSolution
		Debug|Any CPU = Debug|Any CPU
		Release|Any CPU = Release|Any CPU
	EndGlobalSection
	GlobalSection(ProjectConfigurationPlatforms) = postSolution
		{10597602-979B-4214-91FA-F0D84B53F289}.Debug|Any CPU.ActiveCfg = Debug|Any CPU
		{10597602-979B-4214-91FA-F0D84B53F289}.Debug|Any CPU.Build.0 = Debug|Any CPU
		{10597602-979B-4214-91FA-F0D84B53F289}.Release|Any CPU.ActiveCfg = Release|Any CPU
		{10597602-979B-4214-91FA-F0D84B53F289}.Release|Any CPU.Build.0 = Release|Any CPU
	EndGlobalSection
	GlobalSection(SolutionProperties) = preSolution
		HideSolutionNode = FALSE
	EndGlobalSection
	GlobalSection(ExtensibilityGlobals) = postSolution
		SolutionGuid = {F154B86D-B39B-47FA-9D51-6062826F9501}
	EndGlobalSection
EndGlobal
